
Microsoft Visual Studio Solution File, Format Version 12.00
# Visual Studio Version 17
VisualStudioVersion = 17.3.32825.248
MinimumVisualStudioVersion = 10.0.40219.1
Project("{FAE04EC0-301F-11D3-BF4B-00C04F79EFBC}") = "HomeWorkOOP", "HomeWorkOOP\HomeWorkOOP.csproj", "{3CA52E9F-59B5-4410-A6F8-8EF684624598}"
EndProject
Global
	GlobalSection(SolutionConfigurationPlatforms) = preSolution
		Debug|Any CPU = Debug|Any CPU
		Release|Any CPU = Release|Any CPU
	EndGlobalSection
	GlobalSection(ProjectConfigurationPlatforms) = postSolution
		{3CA52E9F-59B5-4410-A6F8-8EF684624598}.Debug|Any CPU.ActiveCfg = Debug|Any CPU
		{3CA52E9F-59B5-4410-A6F8-8EF684624598}.Debug|Any CPU.Build.0 = Debug|Any CPU
		{3CA52E9F-59B5-4410-A6F8-8EF684624598}.Release|Any CPU.ActiveCfg = Release|Any CPU
		{3CA52E9F-59B5-4410-A6F8-8EF684624598}.Release|Any CPU.Build.0 = Release|Any CPU
	EndGlobalSection
	GlobalSection(SolutionProperties) = preSolution
		HideSolutionNode = FALSE
	EndGlobalSection
	GlobalSection(ExtensibilityGlobals) = postSolution
		SolutionGuid = {614902D6-C662-4672-8D3E-4D4119B3284C}
	EndGlobalSection
EndGlobal
